
Microsoft Visual Studio Solution File, Format Version 12.00
# Visual Studio Version 16
VisualStudioVersion = 16.0.31424.327
MinimumVisualStudioVersion = 10.0.40219.1
Project("{9A19103F-16F7-4668-BE54-9A1E7A4F7556}") = "sam", "sam\sam.csproj", "{AAB34DEF-786D-4C10-9BE0-9C33C8053D49}"
EndProject
Global
	GlobalSection(SolutionConfigurationPlatforms) = preSolution
		Debug|Any CPU = Debug|Any CPU
		Release|Any CPU = Release|Any CPU
	EndGlobalSection
	GlobalSection(ProjectConfigurationPlatforms) = postSolution
		{AAB34DEF-786D-4C10-9BE0-9C33C8053D49}.Debug|Any CPU.ActiveCfg = Debug|Any CPU
		{AAB34DEF-786D-4C10-9BE0-9C33C8053D49}.Debug|Any CPU.Build.0 = Debug|Any CPU
		{AAB34DEF-786D-4C10-9BE0-9C33C8053D49}.Release|Any CPU.ActiveCfg = Release|Any CPU
		{AAB34DEF-786D-4C10-9BE0-9C33C8053D49}.Release|Any CPU.Build.0 = Release|Any CPU
	EndGlobalSection
	GlobalSection(SolutionProperties) = preSolution
		HideSolutionNode = FALSE
	EndGlobalSection
	GlobalSection(ExtensibilityGlobals) = postSolution
		SolutionGuid = {8580AED1-5128-45EE-8D9B-168E9F896D26}
	EndGlobalSection
EndGlobal
