
Microsoft Visual Studio Solution File, Format Version 12.00
# Visual Studio Version 16
VisualStudioVersion = 16.0.31424.327
MinimumVisualStudioVersion = 10.0.40219.1
Project("{FAE04EC0-301F-11D3-BF4B-00C04F79EFBC}") = "bai1", "bai1\bai1.csproj", "{08E51AD2-5308-4859-B4EC-1114C6A1C81B}"
EndProject
Project("{FAE04EC0-301F-11D3-BF4B-00C04F79EFBC}") = "bai2", "bai2\bai2.csproj", "{D6F9DA8A-AFDF-4C2D-95A9-FDEC13545393}"
EndProject
Project("{FAE04EC0-301F-11D3-BF4B-00C04F79EFBC}") = "bai3", "bai3\bai3.csproj", "{880ACB35-CB59-4540-8DD2-DB68CDC8F90C}"
EndProject
Global
	GlobalSection(SolutionConfigurationPlatforms) = preSolution
		Debug|Any CPU = Debug|Any CPU
		Release|Any CPU = Release|Any CPU
	EndGlobalSection
	GlobalSection(ProjectConfigurationPlatforms) = postSolution
		{08E51AD2-5308-4859-B4EC-1114C6A1C81B}.Debug|Any CPU.ActiveCfg = Debug|Any CPU
		{08E51AD2-5308-4859-B4EC-1114C6A1C81B}.Debug|Any CPU.Build.0 = Debug|Any CPU
		{08E51AD2-5308-4859-B4EC-1114C6A1C81B}.Release|Any CPU.ActiveCfg = Release|Any CPU
		{08E51AD2-5308-4859-B4EC-1114C6A1C81B}.Release|Any CPU.Build.0 = Release|Any CPU
		{D6F9DA8A-AFDF-4C2D-95A9-FDEC13545393}.Debug|Any CPU.ActiveCfg = Debug|Any CPU
		{D6F9DA8A-AFDF-4C2D-95A9-FDEC13545393}.Debug|Any CPU.Build.0 = Debug|Any CPU
		{D6F9DA8A-AFDF-4C2D-95A9-FDEC13545393}.Release|Any CPU.ActiveCfg = Release|Any CPU
		{D6F9DA8A-AFDF-4C2D-95A9-FDEC13545393}.Release|Any CPU.Build.0 = Release|Any CPU
		{880ACB35-CB59-4540-8DD2-DB68CDC8F90C}.Debug|Any CPU.ActiveCfg = Debug|Any CPU
		{880ACB35-CB59-4540-8DD2-DB68CDC8F90C}.Debug|Any CPU.Build.0 = Debug|Any CPU
		{880ACB35-CB59-4540-8DD2-DB68CDC8F90C}.Release|Any CPU.ActiveCfg = Release|Any CPU
		{880ACB35-CB59-4540-8DD2-DB68CDC8F90C}.Release|Any CPU.Build.0 = Release|Any CPU
	EndGlobalSection
	GlobalSection(SolutionProperties) = preSolution
		HideSolutionNode = FALSE
	EndGlobalSection
	GlobalSection(ExtensibilityGlobals) = postSolution
		SolutionGuid = {3D6572F7-BA72-4BB1-B990-10B519DEDB82}
	EndGlobalSection
EndGlobal
