
Microsoft Visual Studio Solution File, Format Version 12.00
# Visual Studio Version 16
VisualStudioVersion = 16.0.31424.327
MinimumVisualStudioVersion = 10.0.40219.1
Project("{9A19103F-16F7-4668-BE54-9A1E7A4F7556}") = "bai1", "lab2\bai1.csproj", "{CEBFD26F-22ED-40FE-9C82-75669FD7884D}"
EndProject
Project("{9A19103F-16F7-4668-BE54-9A1E7A4F7556}") = "bai3", "bai3\bai3.csproj", "{103ED482-BCA0-4A02-9A12-FCB10284EE27}"
EndProject
Project("{9A19103F-16F7-4668-BE54-9A1E7A4F7556}") = "bai2", "bai2\bai2.csproj", "{1F2E0E19-E16B-4DD6-9D4A-A6200C41125D}"
EndProject
Global
	GlobalSection(SolutionConfigurationPlatforms) = preSolution
		Debug|Any CPU = Debug|Any CPU
		Release|Any CPU = Release|Any CPU
	EndGlobalSection
	GlobalSection(ProjectConfigurationPlatforms) = postSolution
		{CEBFD26F-22ED-40FE-9C82-75669FD7884D}.Debug|Any CPU.ActiveCfg = Debug|Any CPU
		{CEBFD26F-22ED-40FE-9C82-75669FD7884D}.Debug|Any CPU.Build.0 = Debug|Any CPU
		{CEBFD26F-22ED-40FE-9C82-75669FD7884D}.Release|Any CPU.ActiveCfg = Release|Any CPU
		{CEBFD26F-22ED-40FE-9C82-75669FD7884D}.Release|Any CPU.Build.0 = Release|Any CPU
		{103ED482-BCA0-4A02-9A12-FCB10284EE27}.Debug|Any CPU.ActiveCfg = Debug|Any CPU
		{103ED482-BCA0-4A02-9A12-FCB10284EE27}.Debug|Any CPU.Build.0 = Debug|Any CPU
		{103ED482-BCA0-4A02-9A12-FCB10284EE27}.Release|Any CPU.ActiveCfg = Release|Any CPU
		{103ED482-BCA0-4A02-9A12-FCB10284EE27}.Release|Any CPU.Build.0 = Release|Any CPU
		{1F2E0E19-E16B-4DD6-9D4A-A6200C41125D}.Debug|Any CPU.ActiveCfg = Debug|Any CPU
		{1F2E0E19-E16B-4DD6-9D4A-A6200C41125D}.Debug|Any CPU.Build.0 = Debug|Any CPU
		{1F2E0E19-E16B-4DD6-9D4A-A6200C41125D}.Release|Any CPU.ActiveCfg = Release|Any CPU
		{1F2E0E19-E16B-4DD6-9D4A-A6200C41125D}.Release|Any CPU.Build.0 = Release|Any CPU
	EndGlobalSection
	GlobalSection(SolutionProperties) = preSolution
		HideSolutionNode = FALSE
	EndGlobalSection
	GlobalSection(ExtensibilityGlobals) = postSolution
		SolutionGuid = {6CFCC686-68FD-4C98-BE6A-DF7B10C86600}
	EndGlobalSection
EndGlobal
